
Microsoft Visual Studio Solution File, Format Version 12.00
# Visual Studio Version 17
VisualStudioVersion = 17.8.35326.199
MinimumVisualStudioVersion = 10.0.40219.1
Project("{9A19103F-16F7-4668-BE54-9A1E7A4F7556}") = "ThalesTest", "ThalesTest.csproj", "{0B051EAE-45C3-4C14-A573-722659D4DB57}"
EndProject
Project("{9A19103F-16F7-4668-BE54-9A1E7A4F7556}") = "ThalesDAL", "..\ThalesDAL\ThalesDAL.csproj", "{9ECFA08A-7204-4E2F-BF36-344B109C5C9D}"
EndProject
Project("{9A19103F-16F7-4668-BE54-9A1E7A4F7556}") = "ThalesBLL", "..\ThalesBLL\ThalesBLL.csproj", "{C38C3ACE-456D-4FAD-9785-6044789F5800}"
EndProject
Project("{9A19103F-16F7-4668-BE54-9A1E7A4F7556}") = "ThalesDTO", "..\ThalesDTO\ThalesDTO.csproj", "{A246B57B-8D1D-4AC8-9969-5EEEF76FE7AB}"
EndProject
Project("{FAE04EC0-301F-11D3-BF4B-00C04F79EFBC}") = "ThalesUnitTest", "..\ThalesUnitTest\ThalesUnitTest.csproj", "{D121DA23-C799-47EB-A40B-A9A2A957987B}"
EndProject
Global
	GlobalSection(SolutionConfigurationPlatforms) = preSolution
		Debug|Any CPU = Debug|Any CPU
		Release|Any CPU = Release|Any CPU
	EndGlobalSection
	GlobalSection(ProjectConfigurationPlatforms) = postSolution
		{0B051EAE-45C3-4C14-A573-722659D4DB57}.Debug|Any CPU.ActiveCfg = Debug|Any CPU
		{0B051EAE-45C3-4C14-A573-722659D4DB57}.Debug|Any CPU.Build.0 = Debug|Any CPU
		{0B051EAE-45C3-4C14-A573-722659D4DB57}.Release|Any CPU.ActiveCfg = Release|Any CPU
		{0B051EAE-45C3-4C14-A573-722659D4DB57}.Release|Any CPU.Build.0 = Release|Any CPU
		{9ECFA08A-7204-4E2F-BF36-344B109C5C9D}.Debug|Any CPU.ActiveCfg = Debug|Any CPU
		{9ECFA08A-7204-4E2F-BF36-344B109C5C9D}.Debug|Any CPU.Build.0 = Debug|Any CPU
		{9ECFA08A-7204-4E2F-BF36-344B109C5C9D}.Release|Any CPU.ActiveCfg = Release|Any CPU
		{9ECFA08A-7204-4E2F-BF36-344B109C5C9D}.Release|Any CPU.Build.0 = Release|Any CPU
		{C38C3ACE-456D-4FAD-9785-6044789F5800}.Debug|Any CPU.ActiveCfg = Debug|Any CPU
		{C38C3ACE-456D-4FAD-9785-6044789F5800}.Debug|Any CPU.Build.0 = Debug|Any CPU
		{C38C3ACE-456D-4FAD-9785-6044789F5800}.Release|Any CPU.ActiveCfg = Release|Any CPU
		{C38C3ACE-456D-4FAD-9785-6044789F5800}.Release|Any CPU.Build.0 = Release|Any CPU
		{A246B57B-8D1D-4AC8-9969-5EEEF76FE7AB}.Debug|Any CPU.ActiveCfg = Debug|Any CPU
		{A246B57B-8D1D-4AC8-9969-5EEEF76FE7AB}.Debug|Any CPU.Build.0 = Debug|Any CPU
		{A246B57B-8D1D-4AC8-9969-5EEEF76FE7AB}.Release|Any CPU.ActiveCfg = Release|Any CPU
		{A246B57B-8D1D-4AC8-9969-5EEEF76FE7AB}.Release|Any CPU.Build.0 = Release|Any CPU
		{D121DA23-C799-47EB-A40B-A9A2A957987B}.Debug|Any CPU.ActiveCfg = Debug|Any CPU
		{D121DA23-C799-47EB-A40B-A9A2A957987B}.Debug|Any CPU.Build.0 = Debug|Any CPU
		{D121DA23-C799-47EB-A40B-A9A2A957987B}.Release|Any CPU.ActiveCfg = Release|Any CPU
		{D121DA23-C799-47EB-A40B-A9A2A957987B}.Release|Any CPU.Build.0 = Release|Any CPU
	EndGlobalSection
	GlobalSection(SolutionProperties) = preSolution
		HideSolutionNode = FALSE
	EndGlobalSection
	GlobalSection(ExtensibilityGlobals) = postSolution
		SolutionGuid = {C4FD4CFF-67C7-48E3-A52B-4DE852B24991}
	EndGlobalSection
EndGlobal
